
Microsoft Visual Studio Solution File, Format Version 12.00
# Visual Studio Version 17
VisualStudioVersion = 17.3.32811.315
MinimumVisualStudioVersion = 10.0.40219.1
Project("{FAE04EC0-301F-11D3-BF4B-00C04F79EFBC}") = "ConsoleApp4", "ConsoleApp4\ConsoleApp4.csproj", "{A81B3ED2-D172-4BB4-9BAE-B4BD4FC2335A}"
EndProject
Global
	GlobalSection(SolutionConfigurationPlatforms) = preSolution
		Debug|Any CPU = Debug|Any CPU
		Release|Any CPU = Release|Any CPU
	EndGlobalSection
	GlobalSection(ProjectConfigurationPlatforms) = postSolution
		{A81B3ED2-D172-4BB4-9BAE-B4BD4FC2335A}.Debug|Any CPU.ActiveCfg = Debug|Any CPU
		{A81B3ED2-D172-4BB4-9BAE-B4BD4FC2335A}.Debug|Any CPU.Build.0 = Debug|Any CPU
		{A81B3ED2-D172-4BB4-9BAE-B4BD4FC2335A}.Release|Any CPU.ActiveCfg = Release|Any CPU
		{A81B3ED2-D172-4BB4-9BAE-B4BD4FC2335A}.Release|Any CPU.Build.0 = Release|Any CPU
	EndGlobalSection
	GlobalSection(SolutionProperties) = preSolution
		HideSolutionNode = FALSE
	EndGlobalSection
	GlobalSection(ExtensibilityGlobals) = postSolution
		SolutionGuid = {11E0D92B-AE27-4CB0-84ED-9D7F1FA357F2}
	EndGlobalSection
EndGlobal
